
Microsoft Visual Studio Solution File, Format Version 12.00
# Visual Studio Version 16
VisualStudioVersion = 16.0.30523.141
MinimumVisualStudioVersion = 10.0.40219.1
Project("{FAE04EC0-301F-11D3-BF4B-00C04F79EFBC}") = "WindowsFormsApp1", "WindowsFormsApp1\WindowsFormsApp1.csproj", "{C7E32BF6-B01B-441E-9A59-A4E34790849B}"
EndProject
Global
	GlobalSection(SolutionConfigurationPlatforms) = preSolution
		Debug|Any CPU = Debug|Any CPU
		Release|Any CPU = Release|Any CPU
	EndGlobalSection
	GlobalSection(ProjectConfigurationPlatforms) = postSolution
		{C7E32BF6-B01B-441E-9A59-A4E34790849B}.Debug|Any CPU.ActiveCfg = Debug|Any CPU
		{C7E32BF6-B01B-441E-9A59-A4E34790849B}.Debug|Any CPU.Build.0 = Debug|Any CPU
		{C7E32BF6-B01B-441E-9A59-A4E34790849B}.Release|Any CPU.ActiveCfg = Release|Any CPU
		{C7E32BF6-B01B-441E-9A59-A4E34790849B}.Release|Any CPU.Build.0 = Release|Any CPU
	EndGlobalSection
	GlobalSection(SolutionProperties) = preSolution
		HideSolutionNode = FALSE
	EndGlobalSection
	GlobalSection(ExtensibilityGlobals) = postSolution
		SolutionGuid = {F19FE600-9B3F-4040-8C3F-EE237E3C93D9}
	EndGlobalSection
EndGlobal
